
Microsoft Visual Studio Solution File, Format Version 12.00
# Visual Studio Version 17
VisualStudioVersion = 17.10.35004.147
MinimumVisualStudioVersion = 10.0.40219.1
Project("{FAE04EC0-301F-11D3-BF4B-00C04F79EFBC}") = "ConcatAndJoin", "ConcatAndJoin.csproj", "{2B4A5DF9-CE6B-41A4-B472-D497C7BBE430}"
EndProject
Global
	GlobalSection(SolutionConfigurationPlatforms) = preSolution
		Debug|Any CPU = Debug|Any CPU
		Release|Any CPU = Release|Any CPU
	EndGlobalSection
	GlobalSection(ProjectConfigurationPlatforms) = postSolution
		{2B4A5DF9-CE6B-41A4-B472-D497C7BBE430}.Debug|Any CPU.ActiveCfg = Debug|Any CPU
		{2B4A5DF9-CE6B-41A4-B472-D497C7BBE430}.Debug|Any CPU.Build.0 = Debug|Any CPU
		{2B4A5DF9-CE6B-41A4-B472-D497C7BBE430}.Release|Any CPU.ActiveCfg = Release|Any CPU
		{2B4A5DF9-CE6B-41A4-B472-D497C7BBE430}.Release|Any CPU.Build.0 = Release|Any CPU
	EndGlobalSection
	GlobalSection(SolutionProperties) = preSolution
		HideSolutionNode = FALSE
	EndGlobalSection
	GlobalSection(ExtensibilityGlobals) = postSolution
		SolutionGuid = {201481B4-B950-4AFE-B2EC-B72ED77E39E3}
	EndGlobalSection
EndGlobal
